# This file was autogenerated by Stack.
# You should not edit this file by hand.
# For more information, please see the documentation at:
#   https://docs.haskellstack.org/en/stable/lock_files

snapshots:
- original: nightly-2020-11-06
  completed:
    sha256: d8fa9554a98e6d3c1cf05ca6c5b7cfadedc6ad6461df6eb5b8202fafbf102bad
    url: https://raw.githubusercontent.com/commercialhaskell/stackage-snapshots/master/nightly/2020/11/6.yaml
    size: 544237
packages:
- original:
    hackage: polysemy-plugin-0.2.5.1
  completed:
    pantry-tree:
      sha256: 9720d9a1675c7ac3e2635b8c9f002f7ab0764eb60738a3405603cb33bdffc493
      size: 1232
    hackage: polysemy-plugin-0.2.5.1@sha256:61c6c0aad2852377aa5d5a8f9639a437905e3a6f0e2a99a41e96fb231dc86836,2952
